
Microsoft Visual Studio Solution File, Format Version 12.00
# Visual Studio 15
VisualStudioVersion = 15.0.28010.2048
MinimumVisualStudioVersion = 10.0.40219.1
Project("{FAE04EC0-301F-11D3-BF4B-00C04F79EFBC}") = "Enums", "Enums\Enums.csproj", "{FB7AA974-1EFE-475E-B414-F9C716C532CC}"
EndProject
Global
	GlobalSection(SolutionConfigurationPlatforms) = preSolution
		Debug|Any CPU = Debug|Any CPU
		Release|Any CPU = Release|Any CPU
	EndGlobalSection
	GlobalSection(ProjectConfigurationPlatforms) = postSolution
		{FB7AA974-1EFE-475E-B414-F9C716C532CC}.Debug|Any CPU.ActiveCfg = Debug|Any CPU
		{FB7AA974-1EFE-475E-B414-F9C716C532CC}.Debug|Any CPU.Build.0 = Debug|Any CPU
		{FB7AA974-1EFE-475E-B414-F9C716C532CC}.Release|Any CPU.ActiveCfg = Release|Any CPU
		{FB7AA974-1EFE-475E-B414-F9C716C532CC}.Release|Any CPU.Build.0 = Release|Any CPU
	EndGlobalSection
	GlobalSection(SolutionProperties) = preSolution
		HideSolutionNode = FALSE
	EndGlobalSection
	GlobalSection(ExtensibilityGlobals) = postSolution
		SolutionGuid = {BE285DAB-9DF3-42D4-B0A8-07B6ABAA56B7}
	EndGlobalSection
EndGlobal
