
Microsoft Visual Studio Solution File, Format Version 12.00
# Visual Studio 15
VisualStudioVersion = 15.0.28010.2048
MinimumVisualStudioVersion = 10.0.40219.1
Project("{FAE04EC0-301F-11D3-BF4B-00C04F79EFBC}") = "moreMethods", "moreMethods\moreMethods.csproj", "{591801FD-983D-40D6-BE20-4E375A5A922C}"
EndProject
Global
	GlobalSection(SolutionConfigurationPlatforms) = preSolution
		Debug|Any CPU = Debug|Any CPU
		Release|Any CPU = Release|Any CPU
	EndGlobalSection
	GlobalSection(ProjectConfigurationPlatforms) = postSolution
		{591801FD-983D-40D6-BE20-4E375A5A922C}.Debug|Any CPU.ActiveCfg = Debug|Any CPU
		{591801FD-983D-40D6-BE20-4E375A5A922C}.Debug|Any CPU.Build.0 = Debug|Any CPU
		{591801FD-983D-40D6-BE20-4E375A5A922C}.Release|Any CPU.ActiveCfg = Release|Any CPU
		{591801FD-983D-40D6-BE20-4E375A5A922C}.Release|Any CPU.Build.0 = Release|Any CPU
	EndGlobalSection
	GlobalSection(SolutionProperties) = preSolution
		HideSolutionNode = FALSE
	EndGlobalSection
	GlobalSection(ExtensibilityGlobals) = postSolution
		SolutionGuid = {A6ADF336-C58E-459F-8C27-36247BE14185}
	EndGlobalSection
EndGlobal
