
Microsoft Visual Studio Solution File, Format Version 12.00
# Visual Studio 15
VisualStudioVersion = 15.0.28010.2048
MinimumVisualStudioVersion = 10.0.40219.1
Project("{FAE04EC0-301F-11D3-BF4B-00C04F79EFBC}") = "LogFile", "LogFile\LogFile.csproj", "{764DFFE6-D876-4BBA-8BF0-9CF458FBCC04}"
EndProject
Global
	GlobalSection(SolutionConfigurationPlatforms) = preSolution
		Debug|Any CPU = Debug|Any CPU
		Release|Any CPU = Release|Any CPU
	EndGlobalSection
	GlobalSection(ProjectConfigurationPlatforms) = postSolution
		{764DFFE6-D876-4BBA-8BF0-9CF458FBCC04}.Debug|Any CPU.ActiveCfg = Debug|Any CPU
		{764DFFE6-D876-4BBA-8BF0-9CF458FBCC04}.Debug|Any CPU.Build.0 = Debug|Any CPU
		{764DFFE6-D876-4BBA-8BF0-9CF458FBCC04}.Release|Any CPU.ActiveCfg = Release|Any CPU
		{764DFFE6-D876-4BBA-8BF0-9CF458FBCC04}.Release|Any CPU.Build.0 = Release|Any CPU
	EndGlobalSection
	GlobalSection(SolutionProperties) = preSolution
		HideSolutionNode = FALSE
	EndGlobalSection
	GlobalSection(ExtensibilityGlobals) = postSolution
		SolutionGuid = {10E5C1D8-4685-4BE6-9761-789754E87B7D}
	EndGlobalSection
EndGlobal
