
Microsoft Visual Studio Solution File, Format Version 12.00
# Visual Studio 15
VisualStudioVersion = 15.0.28010.2048
MinimumVisualStudioVersion = 10.0.40219.1
Project("{FAE04EC0-301F-11D3-BF4B-00C04F79EFBC}") = "HoursFromNow", "HoursFromNow\HoursFromNow.csproj", "{E0C85700-93FE-4DC2-B5A8-6CFF5B05C0ED}"
EndProject
Global
	GlobalSection(SolutionConfigurationPlatforms) = preSolution
		Debug|Any CPU = Debug|Any CPU
		Release|Any CPU = Release|Any CPU
	EndGlobalSection
	GlobalSection(ProjectConfigurationPlatforms) = postSolution
		{E0C85700-93FE-4DC2-B5A8-6CFF5B05C0ED}.Debug|Any CPU.ActiveCfg = Debug|Any CPU
		{E0C85700-93FE-4DC2-B5A8-6CFF5B05C0ED}.Debug|Any CPU.Build.0 = Debug|Any CPU
		{E0C85700-93FE-4DC2-B5A8-6CFF5B05C0ED}.Release|Any CPU.ActiveCfg = Release|Any CPU
		{E0C85700-93FE-4DC2-B5A8-6CFF5B05C0ED}.Release|Any CPU.Build.0 = Release|Any CPU
	EndGlobalSection
	GlobalSection(SolutionProperties) = preSolution
		HideSolutionNode = FALSE
	EndGlobalSection
	GlobalSection(ExtensibilityGlobals) = postSolution
		SolutionGuid = {5C45BC61-4ECC-4AED-A802-783E241E41E1}
	EndGlobalSection
EndGlobal
