
Microsoft Visual Studio Solution File, Format Version 12.00
# Visual Studio 15
VisualStudioVersion = 15.0.28010.2048
MinimumVisualStudioVersion = 10.0.40219.1
Project("{FAE04EC0-301F-11D3-BF4B-00C04F79EFBC}") = "branchExercise", "branchExercise\branchExercise.csproj", "{A29CA7E3-9E71-449D-BB89-AAF9245259A0}"
EndProject
Global
	GlobalSection(SolutionConfigurationPlatforms) = preSolution
		Debug|Any CPU = Debug|Any CPU
		Release|Any CPU = Release|Any CPU
	EndGlobalSection
	GlobalSection(ProjectConfigurationPlatforms) = postSolution
		{A29CA7E3-9E71-449D-BB89-AAF9245259A0}.Debug|Any CPU.ActiveCfg = Debug|Any CPU
		{A29CA7E3-9E71-449D-BB89-AAF9245259A0}.Debug|Any CPU.Build.0 = Debug|Any CPU
		{A29CA7E3-9E71-449D-BB89-AAF9245259A0}.Release|Any CPU.ActiveCfg = Release|Any CPU
		{A29CA7E3-9E71-449D-BB89-AAF9245259A0}.Release|Any CPU.Build.0 = Release|Any CPU
	EndGlobalSection
	GlobalSection(SolutionProperties) = preSolution
		HideSolutionNode = FALSE
	EndGlobalSection
	GlobalSection(ExtensibilityGlobals) = postSolution
		SolutionGuid = {6A316A27-CD72-4D08-8A14-915AB359CC53}
	EndGlobalSection
EndGlobal
