
Microsoft Visual Studio Solution File, Format Version 12.00
# Visual Studio 15
VisualStudioVersion = 15.0.28010.2048
MinimumVisualStudioVersion = 10.0.40219.1
Project("{FAE04EC0-301F-11D3-BF4B-00C04F79EFBC}") = "loops", "loops\loops.csproj", "{7E25C6DD-7F2B-4C0F-9BED-BE5569E0CE08}"
EndProject
Global
	GlobalSection(SolutionConfigurationPlatforms) = preSolution
		Debug|Any CPU = Debug|Any CPU
		Release|Any CPU = Release|Any CPU
	EndGlobalSection
	GlobalSection(ProjectConfigurationPlatforms) = postSolution
		{7E25C6DD-7F2B-4C0F-9BED-BE5569E0CE08}.Debug|Any CPU.ActiveCfg = Debug|Any CPU
		{7E25C6DD-7F2B-4C0F-9BED-BE5569E0CE08}.Debug|Any CPU.Build.0 = Debug|Any CPU
		{7E25C6DD-7F2B-4C0F-9BED-BE5569E0CE08}.Release|Any CPU.ActiveCfg = Release|Any CPU
		{7E25C6DD-7F2B-4C0F-9BED-BE5569E0CE08}.Release|Any CPU.Build.0 = Release|Any CPU
	EndGlobalSection
	GlobalSection(SolutionProperties) = preSolution
		HideSolutionNode = FALSE
	EndGlobalSection
	GlobalSection(ExtensibilityGlobals) = postSolution
		SolutionGuid = {859AADF7-07C0-4629-91B3-CE61898C91BA}
	EndGlobalSection
EndGlobal
