
Microsoft Visual Studio Solution File, Format Version 12.00
# Visual Studio 15
VisualStudioVersion = 15.0.28010.2048
MinimumVisualStudioVersion = 10.0.40219.1
Project("{FAE04EC0-301F-11D3-BF4B-00C04F79EFBC}") = "moreMethods2", "moreMethods2\moreMethods2.csproj", "{45FFB4EC-4C33-44C7-AC9A-A1EB616A28CA}"
EndProject
Global
	GlobalSection(SolutionConfigurationPlatforms) = preSolution
		Debug|Any CPU = Debug|Any CPU
		Release|Any CPU = Release|Any CPU
	EndGlobalSection
	GlobalSection(ProjectConfigurationPlatforms) = postSolution
		{45FFB4EC-4C33-44C7-AC9A-A1EB616A28CA}.Debug|Any CPU.ActiveCfg = Debug|Any CPU
		{45FFB4EC-4C33-44C7-AC9A-A1EB616A28CA}.Debug|Any CPU.Build.0 = Debug|Any CPU
		{45FFB4EC-4C33-44C7-AC9A-A1EB616A28CA}.Release|Any CPU.ActiveCfg = Release|Any CPU
		{45FFB4EC-4C33-44C7-AC9A-A1EB616A28CA}.Release|Any CPU.Build.0 = Release|Any CPU
	EndGlobalSection
	GlobalSection(SolutionProperties) = preSolution
		HideSolutionNode = FALSE
	EndGlobalSection
	GlobalSection(ExtensibilityGlobals) = postSolution
		SolutionGuid = {8563977B-5D6B-48EE-AC08-872266002495}
	EndGlobalSection
EndGlobal
