
Microsoft Visual Studio Solution File, Format Version 12.00
# Visual Studio 15
VisualStudioVersion = 15.0.28010.2048
MinimumVisualStudioVersion = 10.0.40219.1
Project("{FAE04EC0-301F-11D3-BF4B-00C04F79EFBC}") = "Lambda", "Lambda\Lambda.csproj", "{E9CC1787-AD80-4D31-BB32-ED370CF3B3F4}"
EndProject
Global
	GlobalSection(SolutionConfigurationPlatforms) = preSolution
		Debug|Any CPU = Debug|Any CPU
		Release|Any CPU = Release|Any CPU
	EndGlobalSection
	GlobalSection(ProjectConfigurationPlatforms) = postSolution
		{E9CC1787-AD80-4D31-BB32-ED370CF3B3F4}.Debug|Any CPU.ActiveCfg = Debug|Any CPU
		{E9CC1787-AD80-4D31-BB32-ED370CF3B3F4}.Debug|Any CPU.Build.0 = Debug|Any CPU
		{E9CC1787-AD80-4D31-BB32-ED370CF3B3F4}.Release|Any CPU.ActiveCfg = Release|Any CPU
		{E9CC1787-AD80-4D31-BB32-ED370CF3B3F4}.Release|Any CPU.Build.0 = Release|Any CPU
	EndGlobalSection
	GlobalSection(SolutionProperties) = preSolution
		HideSolutionNode = FALSE
	EndGlobalSection
	GlobalSection(ExtensibilityGlobals) = postSolution
		SolutionGuid = {8D07EB9E-9F64-47C5-9BED-282E43A2E3C6}
	EndGlobalSection
EndGlobal
