
Microsoft Visual Studio Solution File, Format Version 12.00
# Visual Studio 15
VisualStudioVersion = 15.0.28010.2048
MinimumVisualStudioVersion = 10.0.40219.1
Project("{FAE04EC0-301F-11D3-BF4B-00C04F79EFBC}") = "ConstVarChain", "ConstVarChain\ConstVarChain.csproj", "{B95B3430-B613-44DE-B9CD-869AC1C73EDD}"
EndProject
Global
	GlobalSection(SolutionConfigurationPlatforms) = preSolution
		Debug|Any CPU = Debug|Any CPU
		Release|Any CPU = Release|Any CPU
	EndGlobalSection
	GlobalSection(ProjectConfigurationPlatforms) = postSolution
		{B95B3430-B613-44DE-B9CD-869AC1C73EDD}.Debug|Any CPU.ActiveCfg = Debug|Any CPU
		{B95B3430-B613-44DE-B9CD-869AC1C73EDD}.Debug|Any CPU.Build.0 = Debug|Any CPU
		{B95B3430-B613-44DE-B9CD-869AC1C73EDD}.Release|Any CPU.ActiveCfg = Release|Any CPU
		{B95B3430-B613-44DE-B9CD-869AC1C73EDD}.Release|Any CPU.Build.0 = Release|Any CPU
	EndGlobalSection
	GlobalSection(SolutionProperties) = preSolution
		HideSolutionNode = FALSE
	EndGlobalSection
	GlobalSection(ExtensibilityGlobals) = postSolution
		SolutionGuid = {73F20704-FB8E-435E-86FC-C238E29EB32D}
	EndGlobalSection
EndGlobal
